
Microsoft Visual Studio Solution File, Format Version 12.00
# Visual Studio Version 17
VisualStudioVersion = 17.7.34024.191
MinimumVisualStudioVersion = 10.0.40219.1
Project("{FAE04EC0-301F-11D3-BF4B-00C04F79EFBC}") = "ProjectTestApi", "ProjectTestApi\ProjectTestApi.csproj", "{42D80CA8-8194-4FE3-BD22-C33B462E080A}"
EndProject
Global
	GlobalSection(SolutionConfigurationPlatforms) = preSolution
		Debug|Any CPU = Debug|Any CPU
		Release|Any CPU = Release|Any CPU
	EndGlobalSection
	GlobalSection(ProjectConfigurationPlatforms) = postSolution
		{42D80CA8-8194-4FE3-BD22-C33B462E080A}.Debug|Any CPU.ActiveCfg = Debug|Any CPU
		{42D80CA8-8194-4FE3-BD22-C33B462E080A}.Debug|Any CPU.Build.0 = Debug|Any CPU
		{42D80CA8-8194-4FE3-BD22-C33B462E080A}.Release|Any CPU.ActiveCfg = Release|Any CPU
		{42D80CA8-8194-4FE3-BD22-C33B462E080A}.Release|Any CPU.Build.0 = Release|Any CPU
	EndGlobalSection
	GlobalSection(SolutionProperties) = preSolution
		HideSolutionNode = FALSE
	EndGlobalSection
	GlobalSection(ExtensibilityGlobals) = postSolution
		SolutionGuid = {F081033F-2954-4492-B69C-A05B2B022664}
	EndGlobalSection
EndGlobal
